
Microsoft Visual Studio Solution File, Format Version 10.00
# Visual C++ Express 2008
Project("{8BC9CEB8-8B4A-11D0-8D11-00A0C91BC942}") = "win32sample", "win32sample\win32sample.vcproj", "{3C294D10-B784-4D9F-9FD5-824871D4DF15}"
EndProject
Global
	GlobalSection(SolutionConfigurationPlatforms) = preSolution
		Debug|Win32 = Debug|Win32
		Release|Win32 = Release|Win32
	EndGlobalSection
	GlobalSection(ProjectConfigurationPlatforms) = postSolution
		{3C294D10-B784-4D9F-9FD5-824871D4DF15}.Debug|Win32.ActiveCfg = Debug|Win32
		{3C294D10-B784-4D9F-9FD5-824871D4DF15}.Debug|Win32.Build.0 = Debug|Win32
		{3C294D10-B784-4D9F-9FD5-824871D4DF15}.Release|Win32.ActiveCfg = Release|Win32
		{3C294D10-B784-4D9F-9FD5-824871D4DF15}.Release|Win32.Build.0 = Release|Win32
	EndGlobalSection
	GlobalSection(SolutionProperties) = preSolution
		HideSolutionNode = FALSE
	EndGlobalSection
EndGlobal
